
Microsoft Visual Studio Solution File, Format Version 12.00
# Visual Studio Version 17
VisualStudioVersion = 17.10.35122.118
MinimumVisualStudioVersion = 10.0.40219.1
Project("{FAE04EC0-301F-11D3-BF4B-00C04F79EFBC}") = "ConsoleApp1", "ConsoleApp1\ConsoleApp1.csproj", "{84FEC58B-79A3-4417-BEDB-36EF51EC615A}"
EndProject
Global
	GlobalSection(SolutionConfigurationPlatforms) = preSolution
		Debug|Any CPU = Debug|Any CPU
		Release|Any CPU = Release|Any CPU
	EndGlobalSection
	GlobalSection(ProjectConfigurationPlatforms) = postSolution
		{84FEC58B-79A3-4417-BEDB-36EF51EC615A}.Debug|Any CPU.ActiveCfg = Debug|Any CPU
		{84FEC58B-79A3-4417-BEDB-36EF51EC615A}.Debug|Any CPU.Build.0 = Debug|Any CPU
		{84FEC58B-79A3-4417-BEDB-36EF51EC615A}.Release|Any CPU.ActiveCfg = Release|Any CPU
		{84FEC58B-79A3-4417-BEDB-36EF51EC615A}.Release|Any CPU.Build.0 = Release|Any CPU
	EndGlobalSection
	GlobalSection(SolutionProperties) = preSolution
		HideSolutionNode = FALSE
	EndGlobalSection
	GlobalSection(ExtensibilityGlobals) = postSolution
		SolutionGuid = {CF34445E-97CA-4797-BBD9-18053349188F}
	EndGlobalSection
EndGlobal
